// !$*UTF8*$!
{
	archiveVersion = 1;
	classes = {
	};
	objectVersion = 46;
	objects = {

/* Begin PBXBuildFile section */
		5ED57A3E1AFCC47C001C0949 /* movie_quote.mp3 in Resources */ = {isa = PBXBuildFile; fileRef = 5ED57A3D1AFCC47C001C0949 /* movie_quote.mp3 */; };
		5ED7D96D1AFBC96B00AFE226 /* SoundConViewController.swift in Sources */ = {isa = PBXBuildFile; fileRef = 5ED7D96C1AFBC96B00AFE226 /* SoundConViewController.swift */; };
		5EE7CDF51B026CF80051C718 /* RecordedAudio.swift in Sources */ = {isa = PBXBuildFile; fileRef = 5EE7CDF41B026CF80051C718 /* RecordedAudio.swift */; };
		5EF0FA1F1AFB6861002792C4 /* AppDelegate.swift in Sources */ = {isa = PBXBuildFile; fileRef = 5EF0FA1E1AFB6861002792C4 /* AppDelegate.swift */; };
		5EF0FA211AFB6861002792C4 /* ViewController.swift in Sources */ = {isa = PBXBuildFile; fileRef = 5EF0FA201AFB6861002792C4 /* ViewController.swift */; };
		5EF0FA241AFB6861002792C4 /* Main.storyboard in Resources */ = {isa = PBXBuildFile; fileRef = 5EF0FA221AFB6861002792C4 /* Main.storyboard */; };
		5EF0FA261AFB6861002792C4 /* Images.xcassets in Resources */ = {isa = PBXBuildFile; fileRef = 5EF0FA251AFB6861002792C4 /* Images.xcassets */; };
		5EF0FA291AFB6861002792C4 /* LaunchScreen.xib in Resources */ = {isa = PBXBuildFile; fileRef = 5EF0FA271AFB6861002792C4 /* LaunchScreen.xib */; };
		5EF0FA351AFB6861002792C4 /* chipvoiceTests.swift in Sources */ = {isa = PBXBuildFile; fileRef = 5EF0FA341AFB6861002792C4 /* chipvoiceTests.swift */; };
/* End PBXBuildFile section */

/* Begin PBXContainerItemProxy section */
		5EF0FA2F1AFB6861002792C4 /* PBXContainerItemProxy */ = {
			isa = PBXContainerItemProxy;
			containerPortal = 5EF0FA111AFB6860002792C4 /* Project object */;
			proxyType = 1;
			remoteGlobalIDString = 5EF0FA181AFB6860002792C4;
			remoteInfo = chipvoice;
		};
/* End PBXContainerItemProxy section */

/* Begin PBXFileReference section */
		5ED57A3D1AFCC47C001C0949 /* movie_quote.mp3 */ = {isa = PBXFileReference; lastKnownFileType = audio.mp3; path = movie_quote.mp3; sourceTree = "<group>"; };
		5ED7D96C1AFBC96B00AFE226 /* SoundConViewController.swift */ = {isa = PBXFileReference; fileEncoding = 4; lastKnownFileType = sourcecode.swift; path = SoundConViewController.swift; sourceTree = "<group>"; };
		5EE7CDF41B026CF80051C718 /* RecordedAudio.swift */ = {isa = PBXFileReference; fileEncoding = 4; lastKnownFileType = sourcecode.swift; path = RecordedAudio.swift; sourceTree = "<group>"; };
		5EF0FA191AFB6861002792C4 /* chipvoice.app */ = {isa = PBXFileReference; explicitFileType = wrapper.application; includeInIndex = 0; path = chipvoice.app; sourceTree = BUILT_PRODUCTS_DIR; };
		5EF0FA1D1AFB6861002792C4 /* Info.plist */ = {isa = PBXFileReference; lastKnownFileType = text.plist.xml; path = Info.plist; sourceTree = "<group>"; };
		5EF0FA1E1AFB6861002792C4 /* AppDelegate.swift */ = {isa = PBXFileReference; lastKnownFileType = sourcecode.swift; path = AppDelegate.swift; sourceTree = "<group>"; };
		5EF0FA201AFB6861002792C4 /* ViewController.swift */ = {isa = PBXFileReference; lastKnownFileType = sourcecode.swift; path = ViewController.swift; sourceTree = "<group>"; };
		5EF0FA231AFB6861002792C4 /* Base */ = {isa = PBXFileReference; lastKnownFileType = file.storyboard; name = Base; path = Base.lproj/Main.storyboard; sourceTree = "<group>"; };
		5EF0FA251AFB6861002792C4 /* Images.xcassets */ = {isa = PBXFileReference; lastKnownFileType = folder.assetcatalog; path = Images.xcassets; sourceTree = "<group>"; };
		5EF0FA281AFB6861002792C4 /* Base */ = {isa = PBXFileReference; lastKnownFileType = file.xib; name = Base; path = Base.lproj/LaunchScreen.xib; sourceTree = "<group>"; };
		5EF0FA2E1AFB6861002792C4 /* chipvoiceTests.xctest */ = {isa = PBXFileReference; explicitFileType = wrapper.cfbundle; includeInIndex = 0; path = chipvoiceTests.xctest; sourceTree = BUILT_PRODUCTS_DIR; };
		5EF0FA331AFB6861002792C4 /* Info.plist */ = {isa = PBXFileReference; lastKnownFileType = text.plist.xml; path = Info.plist; sourceTree = "<group>"; };
		5EF0FA341AFB6861002792C4 /* chipvoiceTests.swift */ = {isa = PBXFileReference; lastKnownFileType = sourcecode.swift; path = chipvoiceTests.swift; sourceTree = "<group>"; };
/* End PBXFileReference section */

/* Begin PBXFrameworksBuildPhase section */
		5EF0FA161AFB6860002792C4 /* Frameworks */ = {
			isa = PBXFrameworksBuildPhase;
			buildActionMask = 2147483647;
			files = (
			);
			runOnlyForDeploymentPostprocessing = 0;
		};
		5EF0FA2B1AFB6861002792C4 /* Frameworks */ = {
			isa = PBXFrameworksBuildPhase;
			buildActionMask = 2147483647;
			files = (
			);
			runOnlyForDeploymentPostprocessing = 0;
		};
/* End PBXFrameworksBuildPhase section */

/* Begin PBXGroup section */
		5EF0FA101AFB6860002792C4 = {
			isa = PBXGroup;
			children = (
				5EF0FA1B1AFB6861002792C4 /* chipvoice */,
				5EF0FA311AFB6861002792C4 /* chipvoiceTests */,
				5EF0FA1A1AFB6861002792C4 /* Products */,
			);
			sourceTree = "<group>";
		};
		5EF0FA1A1AFB6861002792C4 /* Products */ = {
			isa = PBXGroup;
			children = (
				5EF0FA191AFB6861002792C4 /* chipvoice.app */,
				5EF0FA2E1AFB6861002792C4 /* chipvoiceTests.xctest */,
			);
			name = Products;
			sourceTree = "<group>";
		};
		5EF0FA1B1AFB6861002792C4 /* chipvoice */ = {
			isa = PBXGroup;
			children = (
				5EF0FA1E1AFB6861002792C4 /* AppDelegate.swift */,
				5EF0FA201AFB6861002792C4 /* ViewController.swift */,
				5EE7CDF41B026CF80051C718 /* RecordedAudio.swift */,
				5EF0FA221AFB6861002792C4 /* Main.storyboard */,
				5ED7D96C1AFBC96B00AFE226 /* SoundConViewController.swift */,
				5EF0FA251AFB6861002792C4 /* Images.xcassets */,
				5EF0FA271AFB6861002792C4 /* LaunchScreen.xib */,
				5EF0FA1C1AFB6861002792C4 /* Supporting Files */,
			);
			path = chipvoice;
			sourceTree = "<group>";
		};
		5EF0FA1C1AFB6861002792C4 /* Supporting Files */ = {
			isa = PBXGroup;
			children = (
				5ED57A3D1AFCC47C001C0949 /* movie_quote.mp3 */,
				5EF0FA1D1AFB6861002792C4 /* Info.plist */,
			);
			name = "Supporting Files";
			sourceTree = "<group>";
		};
		5EF0FA311AFB6861002792C4 /* chipvoiceTests */ = {
			isa = PBXGroup;
			children = (
				5EF0FA341AFB6861002792C4 /* chipvoiceTests.swift */,
				5EF0FA321AFB6861002792C4 /* Supporting Files */,
			);
			path = chipvoiceTests;
			sourceTree = "<group>";
		};
		5EF0FA321AFB6861002792C4 /* Supporting Files */ = {
			isa = PBXGroup;
			children = (
				5EF0FA331AFB6861002792C4 /* Info.plist */,
			);
			name = "Supporting Files";
			sourceTree = "<group>";
		};
/* End PBXGroup section */

/* Begin PBXNativeTarget section */
		5EF0FA181AFB6860002792C4 /* chipvoice */ = {
			isa = PBXNativeTarget;
			buildConfigurationList = 5EF0FA381AFB6861002792C4 /* Build configuration list for PBXNativeTarget "chipvoice" */;
			buildPhases = (
				5EF0FA151AFB6860002792C4 /* Sources */,
				5EF0FA161AFB6860002792C4 /* Frameworks */,
				5EF0FA171AFB6860002792C4 /* Resources */,
			);
			buildRules = (
			);
			dependencies = (
			);
			name = chipvoice;
			productName = chipvoice;
			productReference = 5EF0FA191AFB6861002792C4 /* chipvoice.app */;
			productType = "com.apple.product-type.application";
		};
		5EF0FA2D1AFB6861002792C4 /* chipvoiceTests */ = {
			isa = PBXNativeTarget;
			buildConfigurationList = 5EF0FA3B1AFB6861002792C4 /* Build configuration list for PBXNativeTarget "chipvoiceTests" */;
			buildPhases = (
				5EF0FA2A1AFB6861002792C4 /* Sources */,
				5EF0FA2B1AFB6861002792C4 /* Frameworks */,
				5EF0FA2C1AFB6861002792C4 /* Resources */,
			);
			buildRules = (
			);
			dependencies = (
				5EF0FA301AFB6861002792C4 /* PBXTargetDependency */,
			);
			name = chipvoiceTests;
			productName = chipvoiceTests;
			productReference = 5EF0FA2E1AFB6861002792C4 /* chipvoiceTests.xctest */;
			productType = "com.apple.product-type.bundle.unit-test";
		};
/* End PBXNativeTarget section */

/* Begin PBXProject section */
		5EF0FA111AFB6860002792C4 /* Project object */ = {
			isa = PBXProject;
			attributes = {
				LastUpgradeCheck = 0620;
				ORGANIZATIONNAME = "Rohan Malhotra";
				TargetAttributes = {
					5EF0FA181AFB6860002792C4 = {
						CreatedOnToolsVersion = 6.2;
					};
					5EF0FA2D1AFB6861002792C4 = {
						CreatedOnToolsVersion = 6.2;
						TestTargetID = 5EF0FA181AFB6860002792C4;
					};
				};
			};
			buildConfigurationList = 5EF0FA141AFB6860002792C4 /* Build configuration list for PBXProject "chipvoice" */;
			compatibilityVersion = "Xcode 3.2";
			developmentRegion = English;
			hasScannedForEncodings = 0;
			knownRegions = (
				en,
				Base,
			);
			mainGroup = 5EF0FA101AFB6860002792C4;
			productRefGroup = 5EF0FA1A1AFB6861002792C4 /* Products */;
			projectDirPath = "";
			projectRoot = "";
			targets = (
				5EF0FA181AFB6860002792C4 /* chipvoice */,
				5EF0FA2D1AFB6861002792C4 /* chipvoiceTests */,
			);
		};
/* End PBXProject section */

/* Begin PBXResourcesBuildPhase section */
		5EF0FA171AFB6860002792C4 /* Resources */ = {
			isa = PBXResourcesBuildPhase;
			buildActionMask = 2147483647;
			files = (
				5EF0FA241AFB6861002792C4 /* Main.storyboard in Resources */,
				5EF0FA291AFB6861002792C4 /* LaunchScreen.xib in Resources */,
				5ED57A3E1AFCC47C001C0949 /* movie_quote.mp3 in Resources */,
				5EF0FA261AFB6861002792C4 /* Images.xcassets in Resources */,
			);
			runOnlyForDeploymentPostprocessing = 0;
		};
		5EF0FA2C1AFB6861002792C4 /* Resources */ = {
			isa = PBXResourcesBuildPhase;
			buildActionMask = 2147483647;
			files = (
			);
			runOnlyForDeploymentPostprocessing = 0;
		};
/* End PBXResourcesBuildPhase section */

/* Begin PBXSourcesBuildPhase section */
		5EF0FA151AFB6860002792C4 /* Sources */ = {
			isa = PBXSourcesBuildPhase;
			buildActionMask = 2147483647;
			files = (
				5EE7CDF51B026CF80051C718 /* RecordedAudio.swift in Sources */,
				5EF0FA211AFB6861002792C4 /* ViewController.swift in Sources */,
				5EF0FA1F1AFB6861002792C4 /* AppDelegate.swift in Sources */,
				5ED7D96D1AFBC96B00AFE226 /* SoundConViewController.swift in Sources */,
			);
			runOnlyForDeploymentPostprocessing = 0;
		};
		5EF0FA2A1AFB6861002792C4 /* Sources */ = {
			isa = PBXSourcesBuildPhase;
			buildActionMask = 2147483647;
			files = (
				5EF0FA351AFB6861002792C4 /* chipvoiceTests.swift in Sources */,
			);
			runOnlyForDeploymentPostprocessing = 0;
		};
/* End PBXSourcesBuildPhase section */

/* Begin PBXTargetDependency section */
		5EF0FA301AFB6861002792C4 /* PBXTargetDependency */ = {
			isa = PBXTargetDependency;
			target = 5EF0FA181AFB6860002792C4 /* chipvoice */;
			targetProxy = 5EF0FA2F1AFB6861002792C4 /* PBXContainerItemProxy */;
		};
/* End PBXTargetDependency section */

/* Begin PBXVariantGroup section */
		5EF0FA221AFB6861002792C4 /* Main.storyboard */ = {
			isa = PBXVariantGroup;
			children = (
				5EF0FA231AFB6861002792C4 /* Base */,
			);
			name = Main.storyboard;
			sourceTree = "<group>";
		};
		5EF0FA271AFB6861002792C4 /* LaunchScreen.xib */ = {
			isa = PBXVariantGroup;
			children = (
				5EF0FA281AFB6861002792C4 /* Base */,
			);
			name = LaunchScreen.xib;
			sourceTree = "<group>";
		};
/* End PBXVariantGroup section */

/* Begin XCBuildConfiguration section */
		5EF0FA361AFB6861002792C4 /* Debug */ = {
			isa = XCBuildConfiguration;
			buildSettings = {
				ALWAYS_SEARCH_USER_PATHS = NO;
				CLANG_CXX_LANGUAGE_STANDARD = "gnu++0x";
				CLANG_CXX_LIBRARY = "libc++";
				CLANG_ENABLE_MODULES = YES;
				CLANG_ENABLE_OBJC_ARC = YES;
				CLANG_WARN_BOOL_CONVERSION = YES;
				CLANG_WARN_CONSTANT_CONVERSION = YES;
				CLANG_WARN_DIRECT_OBJC_ISA_USAGE = YES_ERROR;
				CLANG_WARN_EMPTY_BODY = YES;
				CLANG_WARN_ENUM_CONVERSION = YES;
				CLANG_WARN_INT_CONVERSION = YES;
				CLANG_WARN_OBJC_ROOT_CLASS = YES_ERROR;
				CLANG_WARN_UNREACHABLE_CODE = YES;
				CLANG_WARN__DUPLICATE_METHOD_MATCH = YES;
				"CODE_SIGN_IDENTITY[sdk=iphoneos*]" = "iPhone Developer";
				COPY_PHASE_STRIP = NO;
				ENABLE_STRICT_OBJC_MSGSEND = YES;
				GCC_C_LANGUAGE_STANDARD = gnu99;
				GCC_DYNAMIC_NO_PIC = NO;
				GCC_OPTIMIZATION_LEVEL = 0;
				GCC_PREPROCESSOR_DEFINITIONS = (
					"DEBUG=1",
					"$(inherited)",
				);
				GCC_SYMBOLS_PRIVATE_EXTERN = NO;
				GCC_WARN_64_TO_32_BIT_CONVERSION = YES;
				GCC_WARN_ABOUT_RETURN_TYPE = YES_ERROR;
				GCC_WARN_UNDECLARED_SELECTOR = YES;
				GCC_WARN_UNINITIALIZED_AUTOS = YES_AGGRESSIVE;
				GCC_WARN_UNUSED_FUNCTION = YES;
				GCC_WARN_UNUSED_VARIABLE = YES;
				IPHONEOS_DEPLOYMENT_TARGET = 8.2;
				MTL_ENABLE_DEBUG_INFO = YES;
				ONLY_ACTIVE_ARCH = YES;
				SDKROOT = iphoneos;
				SWIFT_OPTIMIZATION_LEVEL = "-Onone";
				TARGETED_DEVICE_FAMILY = "1,2";
			};
			name = Debug;
		};
		5EF0FA371AFB6861002792C4 /* Release */ = {
			isa = XCBuildConfiguration;
			buildSettings = {
				ALWAYS_SEARCH_USER_PATHS = NO;
				CLANG_CXX_LANGUAGE_STANDARD = "gnu++0x";
				CLANG_CXX_LIBRARY = "libc++";
				CLANG_ENABLE_MODULES = YES;
				CLANG_ENABLE_OBJC_ARC = YES;
				CLANG_WARN_BOOL_CONVERSION = YES;
				CLANG_WARN_CONSTANT_CONVERSION = YES;
				CLANG_WARN_DIRECT_OBJC_ISA_USAGE = YES_ERROR;
				CLANG_WARN_EMPTY_BODY = YES;
				CLANG_WARN_ENUM_CONVERSION = YES;
				CLANG_WARN_INT_CONVERSION = YES;
				CLANG_WARN_OBJC_ROOT_CLASS = YES_ERROR;
				CLANG_WARN_UNREACHABLE_CODE = YES;
				CLANG_WARN__DUPLICATE_METHOD_MATCH = YES;
				"CODE_SIGN_IDENTITY[sdk=iphoneos*]" = "iPhone Developer";
				COPY_PHASE_STRIP = NO;
				ENABLE_NS_ASSERTIONS = NO;
				ENABLE_STRICT_OBJC_MSGSEND = YES;
				GCC_C_LANGUAGE_STANDARD = gnu99;
				GCC_WARN_64_TO_32_BIT_CONVERSION = YES;
				GCC_WARN_ABOUT_RETURN_TYPE = YES_ERROR;
				GCC_WARN_UNDECLARED_SELECTOR = YES;
				GCC_WARN_UNINITIALIZED_AUTOS = YES_AGGRESSIVE;
				GCC_WARN_UNUSED_FUNCTION = YES;
				GCC_WARN_UNUSED_VARIABLE = YES;
				IPHONEOS_DEPLOYMENT_TARGET = 8.2;
				MTL_ENABLE_DEBUG_INFO = NO;
				SDKROOT = iphoneos;
				TARGETED_DEVICE_FAMILY = "1,2";
				VALIDATE_PRODUCT = YES;
			};
			name = Release;
		};
		5EF0FA391AFB6861002792C4 /* Debug */ = {
			isa = XCBuildConfiguration;
			buildSettings = {
				ASSETCATALOG_COMPILER_APPICON_NAME = AppIcon;
				INFOPLIST_FILE = chipvoice/Info.plist;
				LD_RUNPATH_SEARCH_PATHS = "$(inherited) @executable_path/Frameworks";
				PRODUCT_NAME = "$(TARGET_NAME)";
			};
			name = Debug;
		};
		5EF0FA3A1AFB6861002792C4 /* Release */ = {
			isa = XCBuildConfiguration;
			buildSettings = {
				ASSETCATALOG_COMPILER_APPICON_NAME = AppIcon;
				INFOPLIST_FILE = chipvoice/Info.plist;
				LD_RUNPATH_SEARCH_PATHS = "$(inherited) @executable_path/Frameworks";
				PRODUCT_NAME = "$(TARGET_NAME)";
			};
			name = Release;
		};
		5EF0FA3C1AFB6861002792C4 /* Debug */ = {
			isa = XCBuildConfiguration;
			buildSettings = {
				BUNDLE_LOADER = "$(TEST_HOST)";
				FRAMEWORK_SEARCH_PATHS = (
					"$(SDKROOT)/Developer/Library/Frameworks",
					"$(inherited)",
				);
				GCC_PREPROCESSOR_DEFINITIONS = (
					"DEBUG=1",
					"$(inherited)",
				);
				INFOPLIST_FILE = chipvoiceTests/Info.plist;
				LD_RUNPATH_SEARCH_PATHS = "$(inherited) @executable_path/Frameworks @loader_path/Frameworks";
				PRODUCT_NAME = "$(TARGET_NAME)";
				TEST_HOST = "$(BUILT_PRODUCTS_DIR)/chipvoice.app/chipvoice";
			};
			name = Debug;
		};
		5EF0FA3D1AFB6861002792C4 /* Release */ = {
			isa = XCBuildConfiguration;
			buildSettings = {
				BUNDLE_LOADER = "$(TEST_HOST)";
				FRAMEWORK_SEARCH_PATHS = (
					"$(SDKROOT)/Developer/Library/Frameworks",
					"$(inherited)",
				);
				INFOPLIST_FILE = chipvoiceTests/Info.plist;
				LD_RUNPATH_SEARCH_PATHS = "$(inherited) @executable_path/Frameworks @loader_path/Frameworks";
				PRODUCT_NAME = "$(TARGET_NAME)";
				TEST_HOST = "$(BUILT_PRODUCTS_DIR)/chipvoice.app/chipvoice";
			};
			name = Release;
		};
/* End XCBuildConfiguration section */

/* Begin XCConfigurationList section */
		5EF0FA141AFB6860002792C4 /* Build configuration list for PBXProject "chipvoice" */ = {
			isa = XCConfigurationList;
			buildConfigurations = (
				5EF0FA361AFB6861002792C4 /* Debug */,
				5EF0FA371AFB6861002792C4 /* Release */,
			);
			defaultConfigurationIsVisible = 0;
			defaultConfigurationName = Release;
		};
		5EF0FA381AFB6861002792C4 /* Build configuration list for PBXNativeTarget "chipvoice" */ = {
			isa = XCConfigurationList;
			buildConfigurations = (
				5EF0FA391AFB6861002792C4 /* Debug */,
				5EF0FA3A1AFB6861002792C4 /* Release */,
			);
			defaultConfigurationIsVisible = 0;
			defaultConfigurationName = Release;
		};
		5EF0FA3B1AFB6861002792C4 /* Build configuration list for PBXNativeTarget "chipvoiceTests" */ = {
			isa = XCConfigurationList;
			buildConfigurations = (
				5EF0FA3C1AFB6861002792C4 /* Debug */,
				5EF0FA3D1AFB6861002792C4 /* Release */,
			);
			defaultConfigurationIsVisible = 0;
			defaultConfigurationName = Release;
		};
/* End XCConfigurationList section */
	};
	rootObject = 5EF0FA111AFB6860002792C4 /* Project object */;
}
